
Microsoft Visual Studio Solution File, Format Version 12.00
# Visual Studio Version 17
VisualStudioVersion = 17.2.32519.379
MinimumVisualStudioVersion = 10.0.40219.1
Project("{FAE04EC0-301F-11D3-BF4B-00C04F79EFBC}") = "ModernVPN", "ModernVPN\ModernVPN.csproj", "{EEBEC654-0868-4F8F-A166-960D53519042}"
EndProject
Global
	GlobalSection(SolutionConfigurationPlatforms) = preSolution
		Debug|Any CPU = Debug|Any CPU
		Release|Any CPU = Release|Any CPU
	EndGlobalSection
	GlobalSection(ProjectConfigurationPlatforms) = postSolution
		{EEBEC654-0868-4F8F-A166-960D53519042}.Debug|Any CPU.ActiveCfg = Debug|Any CPU
		{EEBEC654-0868-4F8F-A166-960D53519042}.Debug|Any CPU.Build.0 = Debug|Any CPU
		{EEBEC654-0868-4F8F-A166-960D53519042}.Release|Any CPU.ActiveCfg = Release|Any CPU
		{EEBEC654-0868-4F8F-A166-960D53519042}.Release|Any CPU.Build.0 = Release|Any CPU
	EndGlobalSection
	GlobalSection(SolutionProperties) = preSolution
		HideSolutionNode = FALSE
	EndGlobalSection
	GlobalSection(ExtensibilityGlobals) = postSolution
		SolutionGuid = {DB651B32-FE78-4924-81D5-FA396FFC1CDD}
	EndGlobalSection
EndGlobal
